// !$*UTF8*$!
{
	archiveVersion = 1;
	classes = {
	};
	objectVersion = 50;
	objects = {

/* Begin PBXBuildFile section */
		DB6ADD3A20B1EE92002F226C /* NavigationController.swift in Sources */ = {isa = PBXBuildFile; fileRef = DB6ADD3920B1EE92002F226C /* NavigationController.swift */; };
		DB6ADD3C20B1EECC002F226C /* TableViewController.swift in Sources */ = {isa = PBXBuildFile; fileRef = DB6ADD3B20B1EECC002F226C /* TableViewController.swift */; };
		DB6ADD4220B21F9C002F226C /* TableHeader.swift in Sources */ = {isa = PBXBuildFile; fileRef = DB6ADD4120B21F9C002F226C /* TableHeader.swift */; };
		DB6ADD4420B22BA0002F226C /* RootViewController.swift in Sources */ = {isa = PBXBuildFile; fileRef = DB6ADD4320B22BA0002F226C /* RootViewController.swift */; };
		DB6ADD9320B3634F002F226C /* RoverFoundation.framework in Frameworks */ = {isa = PBXBuildFile; fileRef = DB6ADD4C20B30F9B002F226C /* RoverFoundation.framework */; };
		DB6ADD9420B3634F002F226C /* RoverFoundation.framework in Embed Frameworks */ = {isa = PBXBuildFile; fileRef = DB6ADD4C20B30F9B002F226C /* RoverFoundation.framework */; settings = {ATTRIBUTES = (CodeSignOnCopy, RemoveHeadersOnCopy, ); }; };
		DB6ADD9520B3634F002F226C /* RoverExperiences.framework in Frameworks */ = {isa = PBXBuildFile; fileRef = DB6ADD4820B30E7F002F226C /* RoverExperiences.framework */; };
		DB6ADD9620B3634F002F226C /* RoverExperiences.framework in Embed Frameworks */ = {isa = PBXBuildFile; fileRef = DB6ADD4820B30E7F002F226C /* RoverExperiences.framework */; settings = {ATTRIBUTES = (CodeSignOnCopy, RemoveHeadersOnCopy, ); }; };
		DB6ADD9820B3634F002F226C /* RoverUI.framework in Frameworks */ = {isa = PBXBuildFile; fileRef = DB6ADD9720B3634F002F226C /* RoverUI.framework */; };
		DB6ADD9920B3634F002F226C /* RoverUI.framework in Embed Frameworks */ = {isa = PBXBuildFile; fileRef = DB6ADD9720B3634F002F226C /* RoverUI.framework */; settings = {ATTRIBUTES = (CodeSignOnCopy, RemoveHeadersOnCopy, ); }; };
		DBBEC93A20B5F2C600691F08 /* Auth.framework in Frameworks */ = {isa = PBXBuildFile; fileRef = DBBEC93920B5F2C600691F08 /* Auth.framework */; };
		DBBEC93B20B5F2C600691F08 /* Auth.framework in Embed Frameworks */ = {isa = PBXBuildFile; fileRef = DBBEC93920B5F2C600691F08 /* Auth.framework */; settings = {ATTRIBUTES = (CodeSignOnCopy, RemoveHeadersOnCopy, ); }; };
		DBBEC93D20B5F2C600691F08 /* Components.framework in Frameworks */ = {isa = PBXBuildFile; fileRef = DBBEC93C20B5F2C600691F08 /* Components.framework */; };
		DBBEC93E20B5F2C600691F08 /* Components.framework in Embed Frameworks */ = {isa = PBXBuildFile; fileRef = DBBEC93C20B5F2C600691F08 /* Components.framework */; settings = {ATTRIBUTES = (CodeSignOnCopy, RemoveHeadersOnCopy, ); }; };
		DBD88AF320C1BFD900085AE0 /* RoverData.framework in Frameworks */ = {isa = PBXBuildFile; fileRef = DBD88AF220C1BFD900085AE0 /* RoverData.framework */; };
		DBD88AF420C1BFD900085AE0 /* RoverData.framework in Embed Frameworks */ = {isa = PBXBuildFile; fileRef = DBD88AF220C1BFD900085AE0 /* RoverData.framework */; settings = {ATTRIBUTES = (CodeSignOnCopy, RemoveHeadersOnCopy, ); }; };
		DBE03B4920B0864C00F3CE95 /* AppDelegate.swift in Sources */ = {isa = PBXBuildFile; fileRef = DBE03B4820B0864C00F3CE95 /* AppDelegate.swift */; };
		DBE03B4E20B0864C00F3CE95 /* Main.storyboard in Resources */ = {isa = PBXBuildFile; fileRef = DBE03B4C20B0864C00F3CE95 /* Main.storyboard */; };
		DBE03B5020B0864E00F3CE95 /* Assets.xcassets in Resources */ = {isa = PBXBuildFile; fileRef = DBE03B4F20B0864E00F3CE95 /* Assets.xcassets */; };
		DBE03B5320B0864E00F3CE95 /* LaunchScreen.storyboard in Resources */ = {isa = PBXBuildFile; fileRef = DBE03B5120B0864E00F3CE95 /* LaunchScreen.storyboard */; };
/* End PBXBuildFile section */

/* Begin PBXCopyFilesBuildPhase section */
		DB6ADD9A20B3634F002F226C /* Embed Frameworks */ = {
			isa = PBXCopyFilesBuildPhase;
			buildActionMask = 2147483647;
			dstPath = "";
			dstSubfolderSpec = 10;
			files = (
				DBBEC93B20B5F2C600691F08 /* Auth.framework in Embed Frameworks */,
				DBD88AF420C1BFD900085AE0 /* RoverData.framework in Embed Frameworks */,
				DB6ADD9420B3634F002F226C /* RoverFoundation.framework in Embed Frameworks */,
				DB6ADD9920B3634F002F226C /* RoverUI.framework in Embed Frameworks */,
				DBBEC93E20B5F2C600691F08 /* Components.framework in Embed Frameworks */,
				DB6ADD9620B3634F002F226C /* RoverExperiences.framework in Embed Frameworks */,
			);
			name = "Embed Frameworks";
			runOnlyForDeploymentPostprocessing = 0;
		};
/* End PBXCopyFilesBuildPhase section */

/* Begin PBXFileReference section */
		DB6ADD3920B1EE92002F226C /* NavigationController.swift */ = {isa = PBXFileReference; lastKnownFileType = sourcecode.swift; path = NavigationController.swift; sourceTree = "<group>"; };
		DB6ADD3B20B1EECC002F226C /* TableViewController.swift */ = {isa = PBXFileReference; lastKnownFileType = sourcecode.swift; path = TableViewController.swift; sourceTree = "<group>"; };
		DB6ADD4120B21F9C002F226C /* TableHeader.swift */ = {isa = PBXFileReference; lastKnownFileType = sourcecode.swift; path = TableHeader.swift; sourceTree = "<group>"; };
		DB6ADD4320B22BA0002F226C /* RootViewController.swift */ = {isa = PBXFileReference; lastKnownFileType = sourcecode.swift; path = RootViewController.swift; sourceTree = "<group>"; };
		DB6ADD4820B30E7F002F226C /* RoverExperiences.framework */ = {isa = PBXFileReference; explicitFileType = wrapper.framework; path = RoverExperiences.framework; sourceTree = BUILT_PRODUCTS_DIR; };
		DB6ADD4C20B30F9B002F226C /* RoverFoundation.framework */ = {isa = PBXFileReference; explicitFileType = wrapper.framework; path = RoverFoundation.framework; sourceTree = BUILT_PRODUCTS_DIR; };
		DB6ADD9720B3634F002F226C /* RoverUI.framework */ = {isa = PBXFileReference; explicitFileType = wrapper.framework; path = RoverUI.framework; sourceTree = BUILT_PRODUCTS_DIR; };
		DB6ADD9C20B3774C002F226C /* RoverEvents.framework */ = {isa = PBXFileReference; explicitFileType = wrapper.framework; path = RoverEvents.framework; sourceTree = BUILT_PRODUCTS_DIR; };
		DBBEC93920B5F2C600691F08 /* Auth.framework */ = {isa = PBXFileReference; explicitFileType = wrapper.framework; path = Auth.framework; sourceTree = BUILT_PRODUCTS_DIR; };
		DBBEC93C20B5F2C600691F08 /* Components.framework */ = {isa = PBXFileReference; explicitFileType = wrapper.framework; path = Components.framework; sourceTree = BUILT_PRODUCTS_DIR; };
		DBD88AF220C1BFD900085AE0 /* RoverData.framework */ = {isa = PBXFileReference; explicitFileType = wrapper.framework; path = RoverData.framework; sourceTree = BUILT_PRODUCTS_DIR; };
		DBE03B4520B0864C00F3CE95 /* Experiences.app */ = {isa = PBXFileReference; explicitFileType = wrapper.application; includeInIndex = 0; path = Experiences.app; sourceTree = BUILT_PRODUCTS_DIR; };
		DBE03B4820B0864C00F3CE95 /* AppDelegate.swift */ = {isa = PBXFileReference; lastKnownFileType = sourcecode.swift; path = AppDelegate.swift; sourceTree = "<group>"; };
		DBE03B4D20B0864C00F3CE95 /* Base */ = {isa = PBXFileReference; lastKnownFileType = file.storyboard; name = Base; path = Base.lproj/Main.storyboard; sourceTree = "<group>"; };
		DBE03B4F20B0864E00F3CE95 /* Assets.xcassets */ = {isa = PBXFileReference; lastKnownFileType = folder.assetcatalog; path = Assets.xcassets; sourceTree = "<group>"; };
		DBE03B5220B0864E00F3CE95 /* Base */ = {isa = PBXFileReference; lastKnownFileType = file.storyboard; name = Base; path = Base.lproj/LaunchScreen.storyboard; sourceTree = "<group>"; };
		DBE03B5420B0864E00F3CE95 /* Info.plist */ = {isa = PBXFileReference; lastKnownFileType = text.plist.xml; path = Info.plist; sourceTree = "<group>"; };
/* End PBXFileReference section */

/* Begin PBXFrameworksBuildPhase section */
		DBE03B4220B0864C00F3CE95 /* Frameworks */ = {
			isa = PBXFrameworksBuildPhase;
			buildActionMask = 2147483647;
			files = (
				DBBEC93A20B5F2C600691F08 /* Auth.framework in Frameworks */,
				DBD88AF320C1BFD900085AE0 /* RoverData.framework in Frameworks */,
				DB6ADD9320B3634F002F226C /* RoverFoundation.framework in Frameworks */,
				DB6ADD9820B3634F002F226C /* RoverUI.framework in Frameworks */,
				DBBEC93D20B5F2C600691F08 /* Components.framework in Frameworks */,
				DB6ADD9520B3634F002F226C /* RoverExperiences.framework in Frameworks */,
			);
			runOnlyForDeploymentPostprocessing = 0;
		};
/* End PBXFrameworksBuildPhase section */

/* Begin PBXGroup section */
		DB6ADD4720B23941002F226C /* UI */ = {
			isa = PBXGroup;
			children = (
				DB6ADD3920B1EE92002F226C /* NavigationController.swift */,
				DB6ADD4320B22BA0002F226C /* RootViewController.swift */,
				DB6ADD4120B21F9C002F226C /* TableHeader.swift */,
				DB6ADD3B20B1EECC002F226C /* TableViewController.swift */,
			);
			path = UI;
			sourceTree = "<group>";
		};
		DB6ADD9B20B3774C002F226C /* Frameworks */ = {
			isa = PBXGroup;
			children = (
				DB6ADD9C20B3774C002F226C /* RoverEvents.framework */,
			);
			name = Frameworks;
			sourceTree = "<group>";
		};
		DBBEC93F20B5F2F500691F08 /* Supporting Files */ = {
			isa = PBXGroup;
			children = (
				DBE03B4C20B0864C00F3CE95 /* Main.storyboard */,
				DBE03B4F20B0864E00F3CE95 /* Assets.xcassets */,
				DBE03B5120B0864E00F3CE95 /* LaunchScreen.storyboard */,
				DBE03B5420B0864E00F3CE95 /* Info.plist */,
			);
			name = "Supporting Files";
			sourceTree = "<group>";
		};
		DBE03B3C20B0864C00F3CE95 = {
			isa = PBXGroup;
			children = (
				DBD88AF220C1BFD900085AE0 /* RoverData.framework */,
				DBBEC93C20B5F2C600691F08 /* Components.framework */,
				DBBEC93920B5F2C600691F08 /* Auth.framework */,
				DB6ADD9720B3634F002F226C /* RoverUI.framework */,
				DB6ADD4C20B30F9B002F226C /* RoverFoundation.framework */,
				DB6ADD4820B30E7F002F226C /* RoverExperiences.framework */,
				DBE03B4720B0864C00F3CE95 /* Experiences */,
				DBE03B4620B0864C00F3CE95 /* Products */,
				DB6ADD9B20B3774C002F226C /* Frameworks */,
			);
			sourceTree = "<group>";
		};
		DBE03B4620B0864C00F3CE95 /* Products */ = {
			isa = PBXGroup;
			children = (
				DBE03B4520B0864C00F3CE95 /* Experiences.app */,
			);
			name = Products;
			sourceTree = "<group>";
		};
		DBE03B4720B0864C00F3CE95 /* Experiences */ = {
			isa = PBXGroup;
			children = (
				DB6ADD4720B23941002F226C /* UI */,
				DBBEC93F20B5F2F500691F08 /* Supporting Files */,
				DBE03B4820B0864C00F3CE95 /* AppDelegate.swift */,
			);
			path = Experiences;
			sourceTree = "<group>";
		};
/* End PBXGroup section */

/* Begin PBXNativeTarget section */
		DBE03B4420B0864C00F3CE95 /* Experiences */ = {
			isa = PBXNativeTarget;
			buildConfigurationList = DBE03B5720B0864E00F3CE95 /* Build configuration list for PBXNativeTarget "Experiences" */;
			buildPhases = (
				DBE03B4120B0864C00F3CE95 /* Sources */,
				DBE03B4220B0864C00F3CE95 /* Frameworks */,
				DBE03B4320B0864C00F3CE95 /* Resources */,
				DB6ADD9A20B3634F002F226C /* Embed Frameworks */,
			);
			buildRules = (
			);
			dependencies = (
			);
			name = Experiences;
			productName = Experiences;
			productReference = DBE03B4520B0864C00F3CE95 /* Experiences.app */;
			productType = "com.apple.product-type.application";
		};
/* End PBXNativeTarget section */

/* Begin PBXProject section */
		DBE03B3D20B0864C00F3CE95 /* Project object */ = {
			isa = PBXProject;
			attributes = {
				LastSwiftUpdateCheck = 0930;
				LastUpgradeCheck = 0930;
				ORGANIZATIONNAME = "Sean Rucker";
				TargetAttributes = {
					DBE03B4420B0864C00F3CE95 = {
						CreatedOnToolsVersion = 9.3.1;
					};
				};
			};
			buildConfigurationList = DBE03B4020B0864C00F3CE95 /* Build configuration list for PBXProject "Experiences" */;
			compatibilityVersion = "Xcode 9.3";
			developmentRegion = en;
			hasScannedForEncodings = 0;
			knownRegions = (
				en,
				Base,
			);
			mainGroup = DBE03B3C20B0864C00F3CE95;
			productRefGroup = DBE03B4620B0864C00F3CE95 /* Products */;
			projectDirPath = "";
			projectRoot = "";
			targets = (
				DBE03B4420B0864C00F3CE95 /* Experiences */,
			);
		};
/* End PBXProject section */

/* Begin PBXResourcesBuildPhase section */
		DBE03B4320B0864C00F3CE95 /* Resources */ = {
			isa = PBXResourcesBuildPhase;
			buildActionMask = 2147483647;
			files = (
				DBE03B5320B0864E00F3CE95 /* LaunchScreen.storyboard in Resources */,
				DBE03B5020B0864E00F3CE95 /* Assets.xcassets in Resources */,
				DBE03B4E20B0864C00F3CE95 /* Main.storyboard in Resources */,
			);
			runOnlyForDeploymentPostprocessing = 0;
		};
/* End PBXResourcesBuildPhase section */

/* Begin PBXSourcesBuildPhase section */
		DBE03B4120B0864C00F3CE95 /* Sources */ = {
			isa = PBXSourcesBuildPhase;
			buildActionMask = 2147483647;
			files = (
				DB6ADD3A20B1EE92002F226C /* NavigationController.swift in Sources */,
				DB6ADD4420B22BA0002F226C /* RootViewController.swift in Sources */,
				DB6ADD4220B21F9C002F226C /* TableHeader.swift in Sources */,
				DBE03B4920B0864C00F3CE95 /* AppDelegate.swift in Sources */,
				DB6ADD3C20B1EECC002F226C /* TableViewController.swift in Sources */,
			);
			runOnlyForDeploymentPostprocessing = 0;
		};
/* End PBXSourcesBuildPhase section */

/* Begin PBXVariantGroup section */
		DBE03B4C20B0864C00F3CE95 /* Main.storyboard */ = {
			isa = PBXVariantGroup;
			children = (
				DBE03B4D20B0864C00F3CE95 /* Base */,
			);
			name = Main.storyboard;
			sourceTree = "<group>";
		};
		DBE03B5120B0864E00F3CE95 /* LaunchScreen.storyboard */ = {
			isa = PBXVariantGroup;
			children = (
				DBE03B5220B0864E00F3CE95 /* Base */,
			);
			name = LaunchScreen.storyboard;
			sourceTree = "<group>";
		};
/* End PBXVariantGroup section */

/* Begin XCBuildConfiguration section */
		DBE03B5520B0864E00F3CE95 /* Debug */ = {
			isa = XCBuildConfiguration;
			buildSettings = {
				ALWAYS_SEARCH_USER_PATHS = NO;
				CLANG_ANALYZER_NONNULL = YES;
				CLANG_ANALYZER_NUMBER_OBJECT_CONVERSION = YES_AGGRESSIVE;
				CLANG_CXX_LANGUAGE_STANDARD = "gnu++14";
				CLANG_CXX_LIBRARY = "libc++";
				CLANG_ENABLE_MODULES = YES;
				CLANG_ENABLE_OBJC_ARC = YES;
				CLANG_ENABLE_OBJC_WEAK = YES;
				CLANG_WARN_BLOCK_CAPTURE_AUTORELEASING = YES;
				CLANG_WARN_BOOL_CONVERSION = YES;
				CLANG_WARN_COMMA = YES;
				CLANG_WARN_CONSTANT_CONVERSION = YES;
				CLANG_WARN_DEPRECATED_OBJC_IMPLEMENTATIONS = YES;
				CLANG_WARN_DIRECT_OBJC_ISA_USAGE = YES_ERROR;
				CLANG_WARN_DOCUMENTATION_COMMENTS = YES;
				CLANG_WARN_EMPTY_BODY = YES;
				CLANG_WARN_ENUM_CONVERSION = YES;
				CLANG_WARN_INFINITE_RECURSION = YES;
				CLANG_WARN_INT_CONVERSION = YES;
				CLANG_WARN_NON_LITERAL_NULL_CONVERSION = YES;
				CLANG_WARN_OBJC_IMPLICIT_RETAIN_SELF = YES;
				CLANG_WARN_OBJC_LITERAL_CONVERSION = YES;
				CLANG_WARN_OBJC_ROOT_CLASS = YES_ERROR;
				CLANG_WARN_RANGE_LOOP_ANALYSIS = YES;
				CLANG_WARN_STRICT_PROTOTYPES = YES;
				CLANG_WARN_SUSPICIOUS_MOVE = YES;
				CLANG_WARN_UNGUARDED_AVAILABILITY = YES_AGGRESSIVE;
				CLANG_WARN_UNREACHABLE_CODE = YES;
				CLANG_WARN__DUPLICATE_METHOD_MATCH = YES;
				CODE_SIGN_IDENTITY = "iPhone Developer";
				COPY_PHASE_STRIP = NO;
				DEBUG_INFORMATION_FORMAT = dwarf;
				ENABLE_STRICT_OBJC_MSGSEND = YES;
				ENABLE_TESTABILITY = YES;
				GCC_C_LANGUAGE_STANDARD = gnu11;
				GCC_DYNAMIC_NO_PIC = NO;
				GCC_NO_COMMON_BLOCKS = YES;
				GCC_OPTIMIZATION_LEVEL = 0;
				GCC_PREPROCESSOR_DEFINITIONS = (
					"DEBUG=1",
					"$(inherited)",
				);
				GCC_WARN_64_TO_32_BIT_CONVERSION = YES;
				GCC_WARN_ABOUT_RETURN_TYPE = YES_ERROR;
				GCC_WARN_UNDECLARED_SELECTOR = YES;
				GCC_WARN_UNINITIALIZED_AUTOS = YES_AGGRESSIVE;
				GCC_WARN_UNUSED_FUNCTION = YES;
				GCC_WARN_UNUSED_VARIABLE = YES;
				IPHONEOS_DEPLOYMENT_TARGET = 11.3;
				MTL_ENABLE_DEBUG_INFO = YES;
				ONLY_ACTIVE_ARCH = YES;
				SDKROOT = iphoneos;
				SWIFT_ACTIVE_COMPILATION_CONDITIONS = DEBUG;
				SWIFT_OPTIMIZATION_LEVEL = "-Onone";
			};
			name = Debug;
		};
		DBE03B5620B0864E00F3CE95 /* Release */ = {
			isa = XCBuildConfiguration;
			buildSettings = {
				ALWAYS_SEARCH_USER_PATHS = NO;
				CLANG_ANALYZER_NONNULL = YES;
				CLANG_ANALYZER_NUMBER_OBJECT_CONVERSION = YES_AGGRESSIVE;
				CLANG_CXX_LANGUAGE_STANDARD = "gnu++14";
				CLANG_CXX_LIBRARY = "libc++";
				CLANG_ENABLE_MODULES = YES;
				CLANG_ENABLE_OBJC_ARC = YES;
				CLANG_ENABLE_OBJC_WEAK = YES;
				CLANG_WARN_BLOCK_CAPTURE_AUTORELEASING = YES;
				CLANG_WARN_BOOL_CONVERSION = YES;
				CLANG_WARN_COMMA = YES;
				CLANG_WARN_CONSTANT_CONVERSION = YES;
				CLANG_WARN_DEPRECATED_OBJC_IMPLEMENTATIONS = YES;
				CLANG_WARN_DIRECT_OBJC_ISA_USAGE = YES_ERROR;
				CLANG_WARN_DOCUMENTATION_COMMENTS = YES;
				CLANG_WARN_EMPTY_BODY = YES;
				CLANG_WARN_ENUM_CONVERSION = YES;
				CLANG_WARN_INFINITE_RECURSION = YES;
				CLANG_WARN_INT_CONVERSION = YES;
				CLANG_WARN_NON_LITERAL_NULL_CONVERSION = YES;
				CLANG_WARN_OBJC_IMPLICIT_RETAIN_SELF = YES;
				CLANG_WARN_OBJC_LITERAL_CONVERSION = YES;
				CLANG_WARN_OBJC_ROOT_CLASS = YES_ERROR;
				CLANG_WARN_RANGE_LOOP_ANALYSIS = YES;
				CLANG_WARN_STRICT_PROTOTYPES = YES;
				CLANG_WARN_SUSPICIOUS_MOVE = YES;
				CLANG_WARN_UNGUARDED_AVAILABILITY = YES_AGGRESSIVE;
				CLANG_WARN_UNREACHABLE_CODE = YES;
				CLANG_WARN__DUPLICATE_METHOD_MATCH = YES;
				CODE_SIGN_IDENTITY = "iPhone Developer";
				COPY_PHASE_STRIP = NO;
				DEBUG_INFORMATION_FORMAT = "dwarf-with-dsym";
				ENABLE_NS_ASSERTIONS = NO;
				ENABLE_STRICT_OBJC_MSGSEND = YES;
				GCC_C_LANGUAGE_STANDARD = gnu11;
				GCC_NO_COMMON_BLOCKS = YES;
				GCC_WARN_64_TO_32_BIT_CONVERSION = YES;
				GCC_WARN_ABOUT_RETURN_TYPE = YES_ERROR;
				GCC_WARN_UNDECLARED_SELECTOR = YES;
				GCC_WARN_UNINITIALIZED_AUTOS = YES_AGGRESSIVE;
				GCC_WARN_UNUSED_FUNCTION = YES;
				GCC_WARN_UNUSED_VARIABLE = YES;
				IPHONEOS_DEPLOYMENT_TARGET = 11.3;
				MTL_ENABLE_DEBUG_INFO = NO;
				SDKROOT = iphoneos;
				SWIFT_COMPILATION_MODE = wholemodule;
				SWIFT_OPTIMIZATION_LEVEL = "-O";
				VALIDATE_PRODUCT = YES;
			};
			name = Release;
		};
		DBE03B5820B0864E00F3CE95 /* Debug */ = {
			isa = XCBuildConfiguration;
			buildSettings = {
				ASSETCATALOG_COMPILER_APPICON_NAME = AppIcon;
				CODE_SIGN_STYLE = Automatic;
				DEVELOPMENT_TEAM = WDEZX8QD47;
				INFOPLIST_FILE = Experiences/Info.plist;
				LD_RUNPATH_SEARCH_PATHS = (
					"$(inherited)",
					"@executable_path/Frameworks",
				);
				PRODUCT_BUNDLE_IDENTIFIER = io.rover.Experiences;
				PRODUCT_NAME = "$(TARGET_NAME)";
				SWIFT_VERSION = 4.0;
				TARGETED_DEVICE_FAMILY = 1;
			};
			name = Debug;
		};
		DBE03B5920B0864E00F3CE95 /* Release */ = {
			isa = XCBuildConfiguration;
			buildSettings = {
				ASSETCATALOG_COMPILER_APPICON_NAME = AppIcon;
				CODE_SIGN_STYLE = Automatic;
				DEVELOPMENT_TEAM = WDEZX8QD47;
				INFOPLIST_FILE = Experiences/Info.plist;
				LD_RUNPATH_SEARCH_PATHS = (
					"$(inherited)",
					"@executable_path/Frameworks",
				);
				PRODUCT_BUNDLE_IDENTIFIER = io.rover.Experiences;
				PRODUCT_NAME = "$(TARGET_NAME)";
				SWIFT_VERSION = 4.0;
				TARGETED_DEVICE_FAMILY = 1;
			};
			name = Release;
		};
/* End XCBuildConfiguration section */

/* Begin XCConfigurationList section */
		DBE03B4020B0864C00F3CE95 /* Build configuration list for PBXProject "Experiences" */ = {
			isa = XCConfigurationList;
			buildConfigurations = (
				DBE03B5520B0864E00F3CE95 /* Debug */,
				DBE03B5620B0864E00F3CE95 /* Release */,
			);
			defaultConfigurationIsVisible = 0;
			defaultConfigurationName = Release;
		};
		DBE03B5720B0864E00F3CE95 /* Build configuration list for PBXNativeTarget "Experiences" */ = {
			isa = XCConfigurationList;
			buildConfigurations = (
				DBE03B5820B0864E00F3CE95 /* Debug */,
				DBE03B5920B0864E00F3CE95 /* Release */,
			);
			defaultConfigurationIsVisible = 0;
			defaultConfigurationName = Release;
		};
/* End XCConfigurationList section */
	};
	rootObject = DBE03B3D20B0864C00F3CE95 /* Project object */;
}
